
Microsoft Visual Studio Solution File, Format Version 12.00
# Visual Studio Version 16
VisualStudioVersion = 16.0.30413.136
MinimumVisualStudioVersion = 10.0.40219.1
Project("{9A19103F-16F7-4668-BE54-9A1E7A4F7556}") = "Commander", "Commander.csproj", "{FA904A00-13A5-4E30-9CAC-DB4A6C6658E7}"
EndProject
Global
	GlobalSection(SolutionConfigurationPlatforms) = preSolution
		Debug|Any CPU = Debug|Any CPU
		Release|Any CPU = Release|Any CPU
	EndGlobalSection
	GlobalSection(ProjectConfigurationPlatforms) = postSolution
		{FA904A00-13A5-4E30-9CAC-DB4A6C6658E7}.Debug|Any CPU.ActiveCfg = Debug|Any CPU
		{FA904A00-13A5-4E30-9CAC-DB4A6C6658E7}.Debug|Any CPU.Build.0 = Debug|Any CPU
		{FA904A00-13A5-4E30-9CAC-DB4A6C6658E7}.Release|Any CPU.ActiveCfg = Release|Any CPU
		{FA904A00-13A5-4E30-9CAC-DB4A6C6658E7}.Release|Any CPU.Build.0 = Release|Any CPU
	EndGlobalSection
	GlobalSection(SolutionProperties) = preSolution
		HideSolutionNode = FALSE
	EndGlobalSection
	GlobalSection(ExtensibilityGlobals) = postSolution
		SolutionGuid = {971E0E59-A294-448A-A7D9-5022E5136E21}
	EndGlobalSection
EndGlobal
